
Microsoft Visual Studio Solution File, Format Version 12.00
# Visual Studio 2017
Project("{FAE04EC0-301F-11D3-BF4B-00C04F79EFBC}") = "GGJ2018 - Copy", "GGJ2018 - Copy.csproj", "{6F1EFDA5-38ED-2128-926B-B7131675BA58}"
EndProject
Global
	GlobalSection(SolutionConfigurationPlatforms) = preSolution
		Debug|Any CPU = Debug|Any CPU
		Release|Any CPU = Release|Any CPU
	EndGlobalSection
	GlobalSection(ProjectConfigurationPlatforms) = postSolution
		{6F1EFDA5-38ED-2128-926B-B7131675BA58}.Debug|Any CPU.ActiveCfg = Debug|Any CPU
		{6F1EFDA5-38ED-2128-926B-B7131675BA58}.Debug|Any CPU.Build.0 = Debug|Any CPU
		{6F1EFDA5-38ED-2128-926B-B7131675BA58}.Release|Any CPU.ActiveCfg = Release|Any CPU
		{6F1EFDA5-38ED-2128-926B-B7131675BA58}.Release|Any CPU.Build.0 = Release|Any CPU
	EndGlobalSection
	GlobalSection(SolutionProperties) = preSolution
		HideSolutionNode = FALSE
	EndGlobalSection
EndGlobal
